
Microsoft Visual Studio Solution File, Format Version 12.00
# Visual Studio Version 16
VisualStudioVersion = 16.0.29020.237
MinimumVisualStudioVersion = 10.0.40219.1
Project("{FAE04EC0-301F-11D3-BF4B-00C04F79EFBC}") = "LoginGenerale", "LoginGenerale\LoginGenerale.csproj", "{14F6FFCB-6382-46B7-A981-51BE3339FB1B}"
EndProject
Project("{54435603-DBB4-11D2-8724-00A0C9A8B90C}") = "SetupDiomede", "SetupDiomede\SetupDiomede.vdproj", "{8BAEFFC1-4996-45CD-8C92-C1FE79E221E2}"
EndProject
Global
	GlobalSection(SolutionConfigurationPlatforms) = preSolution
		Debug|Any CPU = Debug|Any CPU
		Release|Any CPU = Release|Any CPU
	EndGlobalSection
	GlobalSection(ProjectConfigurationPlatforms) = postSolution
		{14F6FFCB-6382-46B7-A981-51BE3339FB1B}.Debug|Any CPU.ActiveCfg = Debug|Any CPU
		{14F6FFCB-6382-46B7-A981-51BE3339FB1B}.Debug|Any CPU.Build.0 = Debug|Any CPU
		{14F6FFCB-6382-46B7-A981-51BE3339FB1B}.Release|Any CPU.ActiveCfg = Release|Any CPU
		{14F6FFCB-6382-46B7-A981-51BE3339FB1B}.Release|Any CPU.Build.0 = Release|Any CPU
		{8BAEFFC1-4996-45CD-8C92-C1FE79E221E2}.Debug|Any CPU.ActiveCfg = Debug
		{8BAEFFC1-4996-45CD-8C92-C1FE79E221E2}.Release|Any CPU.ActiveCfg = Release
	EndGlobalSection
	GlobalSection(SolutionProperties) = preSolution
		HideSolutionNode = FALSE
	EndGlobalSection
	GlobalSection(ExtensibilityGlobals) = postSolution
		SolutionGuid = {A246EAB9-0CFD-4D8C-99FB-BD44C4B64582}
	EndGlobalSection
EndGlobal
