
Microsoft Visual Studio Solution File, Format Version 12.00
# Visual Studio Version 16
VisualStudioVersion = 16.0.28922.388
MinimumVisualStudioVersion = 10.0.40219.1
Project("{FAE04EC0-301F-11D3-BF4B-00C04F79EFBC}") = "Diomede 2.0", "Diomede 2.0.csproj", "{144C0E5F-70AF-4EF2-BEB9-D5E336E14DB7}"
EndProject
Global
	GlobalSection(SolutionConfigurationPlatforms) = preSolution
		Debug|Any CPU = Debug|Any CPU
		Release|Any CPU = Release|Any CPU
	EndGlobalSection
	GlobalSection(ProjectConfigurationPlatforms) = postSolution
		{144C0E5F-70AF-4EF2-BEB9-D5E336E14DB7}.Debug|Any CPU.ActiveCfg = Debug|Any CPU
		{144C0E5F-70AF-4EF2-BEB9-D5E336E14DB7}.Debug|Any CPU.Build.0 = Debug|Any CPU
		{144C0E5F-70AF-4EF2-BEB9-D5E336E14DB7}.Release|Any CPU.ActiveCfg = Release|Any CPU
		{144C0E5F-70AF-4EF2-BEB9-D5E336E14DB7}.Release|Any CPU.Build.0 = Release|Any CPU
	EndGlobalSection
	GlobalSection(SolutionProperties) = preSolution
		HideSolutionNode = FALSE
	EndGlobalSection
	GlobalSection(ExtensibilityGlobals) = postSolution
		SolutionGuid = {F4BD3705-F84C-4955-9FAC-0EDA4417F397}
	EndGlobalSection
EndGlobal
